
Microsoft Visual Studio Solution File, Format Version 12.00
# Visual Studio Version 16
VisualStudioVersion = 16.0.30907.101
MinimumVisualStudioVersion = 10.0.40219.1
Project("{9A19103F-16F7-4668-BE54-9A1E7A4F7556}") = "ProjApiProvinciasEjer", "ProjApiProvinciasEjer\ProjApiProvinciasEjer.csproj", "{7F4509D9-2D87-46C3-9682-29E4F7C0CA1A}"
EndProject
Project("{FAE04EC0-301F-11D3-BF4B-00C04F79EFBC}") = "UnitTestProject1", "UnitTestProject1\UnitTestProject1.csproj", "{52716C7D-4B2D-4964-AD5F-A2B85701C660}"
EndProject
Global
	GlobalSection(SolutionConfigurationPlatforms) = preSolution
		Debug|Any CPU = Debug|Any CPU
		Release|Any CPU = Release|Any CPU
	EndGlobalSection
	GlobalSection(ProjectConfigurationPlatforms) = postSolution
		{7F4509D9-2D87-46C3-9682-29E4F7C0CA1A}.Debug|Any CPU.ActiveCfg = Debug|Any CPU
		{7F4509D9-2D87-46C3-9682-29E4F7C0CA1A}.Debug|Any CPU.Build.0 = Debug|Any CPU
		{7F4509D9-2D87-46C3-9682-29E4F7C0CA1A}.Release|Any CPU.ActiveCfg = Release|Any CPU
		{7F4509D9-2D87-46C3-9682-29E4F7C0CA1A}.Release|Any CPU.Build.0 = Release|Any CPU
		{52716C7D-4B2D-4964-AD5F-A2B85701C660}.Debug|Any CPU.ActiveCfg = Debug|Any CPU
		{52716C7D-4B2D-4964-AD5F-A2B85701C660}.Debug|Any CPU.Build.0 = Debug|Any CPU
		{52716C7D-4B2D-4964-AD5F-A2B85701C660}.Release|Any CPU.ActiveCfg = Release|Any CPU
		{52716C7D-4B2D-4964-AD5F-A2B85701C660}.Release|Any CPU.Build.0 = Release|Any CPU
	EndGlobalSection
	GlobalSection(SolutionProperties) = preSolution
		HideSolutionNode = FALSE
	EndGlobalSection
	GlobalSection(ExtensibilityGlobals) = postSolution
		SolutionGuid = {EAB1BE8E-9069-414C-BD85-4691A3F66D02}
	EndGlobalSection
EndGlobal
